
Microsoft Visual Studio Solution File, Format Version 12.00
# Visual Studio Version 17
VisualStudioVersion = 17.9.34607.119
MinimumVisualStudioVersion = 10.0.40219.1
Project("{2150E333-8FDC-42A3-9474-1A3956D46DE8}") = "0 - Domain", "0 - Domain", "{F9219694-2360-4A28-B6A0-131C6FE747D3}"
EndProject
Project("{2150E333-8FDC-42A3-9474-1A3956D46DE8}") = "2 - Application", "2 - Application", "{C71F3FF8-0696-4E5B-A3E0-111CD41533F8}"
EndProject
Project("{FAE04EC0-301F-11D3-BF4B-00C04F79EFBC}") = "GrupoAleff.Acesso.Domain", "GrupoAleff.Acesso.Domain\GrupoAleff.Acesso.Domain.csproj", "{F92BA6F5-663C-4968-9E11-E0E8376D953D}"
EndProject
Project("{2150E333-8FDC-42A3-9474-1A3956D46DE8}") = "1 - Infra", "1 - Infra", "{62C28895-0B06-4110-8ED2-4741055B02FE}"
EndProject
Project("{2150E333-8FDC-42A3-9474-1A3956D46DE8}") = "2.1 - Infra.data", "2.1 - Infra.data", "{1F8755E9-B762-4945-9A0C-1DFCD49D9E30}"
EndProject
Project("{FAE04EC0-301F-11D3-BF4B-00C04F79EFBC}") = "GrupoAleff.Acesso.Infra.Data", "GrupoAleff.Acesso.Infra.Data\GrupoAleff.Acesso.Infra.Data.csproj", "{803FD01C-5DEC-466D-A546-9405C9AD6A6F}"
EndProject
Project("{FAE04EC0-301F-11D3-BF4B-00C04F79EFBC}") = "GrupoAleff.Acesso.AppService", "GrupoAleff.Acesso.AppService\GrupoAleff.Acesso.AppService.csproj", "{92F4F35B-6F4B-481E-8097-18A0A474F90C}"
EndProject
Project("{2150E333-8FDC-42A3-9474-1A3956D46DE8}") = "3 - Presentation", "3 - Presentation", "{4784A2D7-53C5-40C6-BB1E-7BC68CCD15ED}"
EndProject
Project("{2150E333-8FDC-42A3-9474-1A3956D46DE8}") = "3.1 WebAPI", "3.1 WebAPI", "{A5931D5A-71A9-4D03-A8E0-D272E3D30F4D}"
EndProject
Project("{2150E333-8FDC-42A3-9474-1A3956D46DE8}") = "3.2 Web", "3.2 Web", "{A7D1152D-F1E6-4919-AAB8-CFC2C76ED664}"
EndProject
Project("{FAE04EC0-301F-11D3-BF4B-00C04F79EFBC}") = "GrupoAleff.Acesso.API", "GrupoAleff.Acesso.API\GrupoAleff.Acesso.API.csproj", "{A249A932-EA92-47B2-91B4-F1B87200DA23}"
EndProject
Project("{FAE04EC0-301F-11D3-BF4B-00C04F79EFBC}") = "GrupoAleff.Acesso.Web", "GrupoAleff.Acesso.Web\GrupoAleff.Acesso.Web.csproj", "{AF805851-2DF8-429F-99D0-7AFDFEA96675}"
EndProject
Global
	GlobalSection(SolutionConfigurationPlatforms) = preSolution
		Debug|Any CPU = Debug|Any CPU
		Release|Any CPU = Release|Any CPU
	EndGlobalSection
	GlobalSection(ProjectConfigurationPlatforms) = postSolution
		{F92BA6F5-663C-4968-9E11-E0E8376D953D}.Debug|Any CPU.ActiveCfg = Debug|Any CPU
		{F92BA6F5-663C-4968-9E11-E0E8376D953D}.Debug|Any CPU.Build.0 = Debug|Any CPU
		{F92BA6F5-663C-4968-9E11-E0E8376D953D}.Release|Any CPU.ActiveCfg = Release|Any CPU
		{F92BA6F5-663C-4968-9E11-E0E8376D953D}.Release|Any CPU.Build.0 = Release|Any CPU
		{803FD01C-5DEC-466D-A546-9405C9AD6A6F}.Debug|Any CPU.ActiveCfg = Debug|Any CPU
		{803FD01C-5DEC-466D-A546-9405C9AD6A6F}.Debug|Any CPU.Build.0 = Debug|Any CPU
		{803FD01C-5DEC-466D-A546-9405C9AD6A6F}.Release|Any CPU.ActiveCfg = Release|Any CPU
		{803FD01C-5DEC-466D-A546-9405C9AD6A6F}.Release|Any CPU.Build.0 = Release|Any CPU
		{92F4F35B-6F4B-481E-8097-18A0A474F90C}.Debug|Any CPU.ActiveCfg = Debug|Any CPU
		{92F4F35B-6F4B-481E-8097-18A0A474F90C}.Debug|Any CPU.Build.0 = Debug|Any CPU
		{92F4F35B-6F4B-481E-8097-18A0A474F90C}.Release|Any CPU.ActiveCfg = Release|Any CPU
		{92F4F35B-6F4B-481E-8097-18A0A474F90C}.Release|Any CPU.Build.0 = Release|Any CPU
		{A249A932-EA92-47B2-91B4-F1B87200DA23}.Debug|Any CPU.ActiveCfg = Debug|Any CPU
		{A249A932-EA92-47B2-91B4-F1B87200DA23}.Debug|Any CPU.Build.0 = Debug|Any CPU
		{A249A932-EA92-47B2-91B4-F1B87200DA23}.Release|Any CPU.ActiveCfg = Release|Any CPU
		{A249A932-EA92-47B2-91B4-F1B87200DA23}.Release|Any CPU.Build.0 = Release|Any CPU
		{AF805851-2DF8-429F-99D0-7AFDFEA96675}.Debug|Any CPU.ActiveCfg = Debug|Any CPU
		{AF805851-2DF8-429F-99D0-7AFDFEA96675}.Debug|Any CPU.Build.0 = Debug|Any CPU
		{AF805851-2DF8-429F-99D0-7AFDFEA96675}.Release|Any CPU.ActiveCfg = Release|Any CPU
		{AF805851-2DF8-429F-99D0-7AFDFEA96675}.Release|Any CPU.Build.0 = Release|Any CPU
	EndGlobalSection
	GlobalSection(SolutionProperties) = preSolution
		HideSolutionNode = FALSE
	EndGlobalSection
	GlobalSection(NestedProjects) = preSolution
		{F92BA6F5-663C-4968-9E11-E0E8376D953D} = {F9219694-2360-4A28-B6A0-131C6FE747D3}
		{1F8755E9-B762-4945-9A0C-1DFCD49D9E30} = {62C28895-0B06-4110-8ED2-4741055B02FE}
		{803FD01C-5DEC-466D-A546-9405C9AD6A6F} = {1F8755E9-B762-4945-9A0C-1DFCD49D9E30}
		{92F4F35B-6F4B-481E-8097-18A0A474F90C} = {C71F3FF8-0696-4E5B-A3E0-111CD41533F8}
		{A5931D5A-71A9-4D03-A8E0-D272E3D30F4D} = {4784A2D7-53C5-40C6-BB1E-7BC68CCD15ED}
		{A7D1152D-F1E6-4919-AAB8-CFC2C76ED664} = {4784A2D7-53C5-40C6-BB1E-7BC68CCD15ED}
		{A249A932-EA92-47B2-91B4-F1B87200DA23} = {A5931D5A-71A9-4D03-A8E0-D272E3D30F4D}
		{AF805851-2DF8-429F-99D0-7AFDFEA96675} = {A7D1152D-F1E6-4919-AAB8-CFC2C76ED664}
	EndGlobalSection
	GlobalSection(ExtensibilityGlobals) = postSolution
		SolutionGuid = {6AEFC7DE-5D6C-4C66-8D58-4B9EA13C4FF0}
	EndGlobalSection
EndGlobal
